
Microsoft Visual Studio Solution File, Format Version 12.00
# Visual Studio Version 17
VisualStudioVersion = 17.2.32616.157
MinimumVisualStudioVersion = 10.0.40219.1
Project("{8BC9CEB8-8B4A-11D0-8D11-00A0C91BC942}") = "Project13", "Project13.vcxproj", "{D3723B93-CB9D-4541-995E-30A46C9A618B}"
EndProject
Global
	GlobalSection(SolutionConfigurationPlatforms) = preSolution
		Debug|x64 = Debug|x64
		Debug|x86 = Debug|x86
		Release|x64 = Release|x64
		Release|x86 = Release|x86
	EndGlobalSection
	GlobalSection(ProjectConfigurationPlatforms) = postSolution
		{D3723B93-CB9D-4541-995E-30A46C9A618B}.Debug|x64.ActiveCfg = Debug|x64
		{D3723B93-CB9D-4541-995E-30A46C9A618B}.Debug|x64.Build.0 = Debug|x64
		{D3723B93-CB9D-4541-995E-30A46C9A618B}.Debug|x86.ActiveCfg = Debug|Win32
		{D3723B93-CB9D-4541-995E-30A46C9A618B}.Debug|x86.Build.0 = Debug|Win32
		{D3723B93-CB9D-4541-995E-30A46C9A618B}.Release|x64.ActiveCfg = Release|x64
		{D3723B93-CB9D-4541-995E-30A46C9A618B}.Release|x64.Build.0 = Release|x64
		{D3723B93-CB9D-4541-995E-30A46C9A618B}.Release|x86.ActiveCfg = Release|Win32
		{D3723B93-CB9D-4541-995E-30A46C9A618B}.Release|x86.Build.0 = Release|Win32
	EndGlobalSection
	GlobalSection(SolutionProperties) = preSolution
		HideSolutionNode = FALSE
	EndGlobalSection
	GlobalSection(ExtensibilityGlobals) = postSolution
		SolutionGuid = {160B5AAE-F42B-4BF3-AFC2-B90DCB01E83A}
	EndGlobalSection
EndGlobal
